
Microsoft Visual Studio Solution File, Format Version 12.00
# Visual Studio Version 17
VisualStudioVersion = 17.11.35327.3
MinimumVisualStudioVersion = 10.0.40219.1
Project("{FAE04EC0-301F-11D3-BF4B-00C04F79EFBC}") = "TesteBrq", "TesteBrq\TesteBrq.csproj", "{1DA8EFAB-4884-44EE-AF4C-AD1B27679B1A}"
EndProject
Global
	GlobalSection(SolutionConfigurationPlatforms) = preSolution
		Debug|Any CPU = Debug|Any CPU
		Release|Any CPU = Release|Any CPU
	EndGlobalSection
	GlobalSection(ProjectConfigurationPlatforms) = postSolution
		{1DA8EFAB-4884-44EE-AF4C-AD1B27679B1A}.Debug|Any CPU.ActiveCfg = Debug|Any CPU
		{1DA8EFAB-4884-44EE-AF4C-AD1B27679B1A}.Debug|Any CPU.Build.0 = Debug|Any CPU
		{1DA8EFAB-4884-44EE-AF4C-AD1B27679B1A}.Release|Any CPU.ActiveCfg = Release|Any CPU
		{1DA8EFAB-4884-44EE-AF4C-AD1B27679B1A}.Release|Any CPU.Build.0 = Release|Any CPU
	EndGlobalSection
	GlobalSection(SolutionProperties) = preSolution
		HideSolutionNode = FALSE
	EndGlobalSection
	GlobalSection(ExtensibilityGlobals) = postSolution
		SolutionGuid = {10C23C67-7709-4BD1-B85D-37E37EA8B763}
	EndGlobalSection
EndGlobal
